# This file is automatically @generated by Cargo.
# It is not intended for manual editing.
version = 3

[[package]]
name = "bayesian_optimization"
version = "0.1.0"
dependencies = [
 "leonhard",
]

[[package]]
name = "leonhard"
version = "0.1.0"
source = "git+https://github.com/llenotre/leonhard#30a0cef0a02df12b983cfee3a713bc1e17ff6e84"
