# This file is automatically @generated by Cargo.
# It is not intended for manual editing.
version = 3

[[package]]
name = "bayesian_optimization"
version = "0.1.0"
dependencies = [
 "leonhard",
]

[[package]]
name = "leonhard"
version = "0.1.0"
source = "git+https://gitlab.com/screwdriver_/leonhard#0dae52d0266ae82a461954dbeeb31681e539957d"
