# This file is automatically @generated by Cargo.
# It is not intended for manual editing.
version = 3

[[package]]
name = "bayesian_optimization"
version = "0.1.0"
dependencies = [
 "leonhard",
]

[[package]]
name = "leonhard"
version = "0.1.0"
source = "git+https://github.com/llenotre/leonhard#a0377388a50ccceb4b342bd273dd8490a57f6cfe"
